
Microsoft Visual Studio Solution File, Format Version 12.00
# Visual Studio 15
VisualStudioVersion = 15.0.27703.2042
MinimumVisualStudioVersion = 10.0.40219.1
Project("{9A19103F-16F7-4668-BE54-9A1E7A4F7556}") = "FunApp.Web", "Web\FunApp.Web\FunApp.Web.csproj", "{4A758B60-1D4C-471E-8FA7-94550AF6BC6A}"
EndProject
Project("{2150E333-8FDC-42A3-9474-1A3956D46DE8}") = "Web", "Web", "{AA2F1823-AB35-40BB-B7BB-18BBC2BFB6D0}"
EndProject
Global
	GlobalSection(SolutionConfigurationPlatforms) = preSolution
		Debug|Any CPU = Debug|Any CPU
		Release|Any CPU = Release|Any CPU
	EndGlobalSection
	GlobalSection(ProjectConfigurationPlatforms) = postSolution
		{4A758B60-1D4C-471E-8FA7-94550AF6BC6A}.Debug|Any CPU.ActiveCfg = Debug|Any CPU
		{4A758B60-1D4C-471E-8FA7-94550AF6BC6A}.Debug|Any CPU.Build.0 = Debug|Any CPU
		{4A758B60-1D4C-471E-8FA7-94550AF6BC6A}.Release|Any CPU.ActiveCfg = Release|Any CPU
		{4A758B60-1D4C-471E-8FA7-94550AF6BC6A}.Release|Any CPU.Build.0 = Release|Any CPU
	EndGlobalSection
	GlobalSection(SolutionProperties) = preSolution
		HideSolutionNode = FALSE
	EndGlobalSection
	GlobalSection(NestedProjects) = preSolution
		{4A758B60-1D4C-471E-8FA7-94550AF6BC6A} = {AA2F1823-AB35-40BB-B7BB-18BBC2BFB6D0}
	EndGlobalSection
	GlobalSection(ExtensibilityGlobals) = postSolution
		SolutionGuid = {4A0CC667-DCEB-4BDB-B4C2-63920F70BCDE}
	EndGlobalSection
EndGlobal
